version = 1
requires-python = ">=3.12"

[[package]]
name = "beautifulsoup4"
version = "4.12.3"
source = { registry = "https://pypi.org/simple" }
dependencies = [
    { name = "soupsieve" },
]
sdist = { url = "https://files.pythonhosted.org/packages/b3/ca/824b1195773ce6166d388573fc106ce56d4a805bd7427b624e063596ec58/beautifulsoup4-4.12.3.tar.gz", hash = "sha256:74e3d1928edc070d21748185c46e3fb33490f22f52a3addee9aee0f4f7781051", size = 581181 }
wheels = [
    { url = "https://files.pythonhosted.org/packages/b1/fe/e8c672695b37eecc5cbf43e1d0638d88d66ba3a44c4d321c796f4e59167f/beautifulsoup4-4.12.3-py3-none-any.whl", hash = "sha256:b80878c9f40111313e55da8ba20bdba06d8fa3969fc68304167741bbf9e082ed", size = 147925 },
]

[[package]]
name = "dragonmapper"
version = "0.3.0"
source = { registry = "https://pypi.org/simple" }
dependencies = [
    { name = "hanzidentifier" },
    { name = "zhon" },
]
sdist = { url = "https://files.pythonhosted.org/packages/44/56/7740952e75a1e6dae78a9695fdad901f98c8fe0acc8d68fd391e267e6323/dragonmapper-0.3.0.tar.gz", hash = "sha256:17b6a33ad98ed3d6cd2392bd41613bd57279e84ffb96fb4a5bda336f9fe0572e", size = 1384307 }
wheels = [
    { url = "https://files.pythonhosted.org/packages/11/3a/a906236c0fd25c0c9e25684d17643b72c01031ae5bdcd20e03d91e4c70ff/dragonmapper-0.3.0-py3-none-any.whl", hash = "sha256:7b9f4503963e5e016bfcdfc4d58d73fc029214f54d643880fab834e51ec55f6a", size = 1384600 },
]

[[package]]
name = "hanzidentifier"
version = "1.3.0"
source = { registry = "https://pypi.org/simple" }
dependencies = [
    { name = "zhon" },
]
sdist = { url = "https://files.pythonhosted.org/packages/cb/32/c1f5f7cf4d4372c7778e34f116c52539db717b73e1ec0b149ce3717b1c9c/hanzidentifier-1.3.0.tar.gz", hash = "sha256:7acd99ef00c69ab57f3441e2b3568348b58ef115500e5a01f66cedea603b3101", size = 3890 }
wheels = [
    { url = "https://files.pythonhosted.org/packages/14/f6/94c3975b5e06ea4084056413da975395924ff0ddd89e975427bd46684359/hanzidentifier-1.3.0-py3-none-any.whl", hash = "sha256:8e36204a96072c328c8bc6ae9342fc6f9faea10bc519ff51da3ef6e6e0cee5a6", size = 4777 },
]

[[package]]
name = "iso-language-codes"
version = "1.1.0"
source = { registry = "https://pypi.org/simple" }
sdist = { url = "https://files.pythonhosted.org/packages/76/c0/bc25d5fac42e6632f5cff514d156728bc8f29a68cb8025722f869b7533a7/iso_language_codes-1.1.0.tar.gz", hash = "sha256:fb4566791b8dd9a40b59f2e5ac3f2b9f3d13bdcb2bb8918ca25b5fb72116b77c", size = 19494 }
wheels = [
    { url = "https://files.pythonhosted.org/packages/b0/8a/2e0d1c3981afb5e17bb3026e649318744e5d428ba82e025f50ea933b4166/iso_language_codes-1.1.0-py2.py3-none-any.whl", hash = "sha256:203b2cb7bd849cdfd3e821a802f9d89c69d0dba7bbe41a8427c9d3e3292bcaa2", size = 11721 },
]

[[package]]
name = "jieba"
version = "0.42.1"
source = { registry = "https://pypi.org/simple" }
sdist = { url = "https://files.pythonhosted.org/packages/c6/cb/18eeb235f833b726522d7ebed54f2278ce28ba9438e3135ab0278d9792a2/jieba-0.42.1.tar.gz", hash = "sha256:055ca12f62674fafed09427f176506079bc135638a14e23e25be909131928db2", size = 19214172 }

[[package]]
name = "langcodes"
version = "3.5.0"
source = { registry = "https://pypi.org/simple" }
dependencies = [
    { name = "language-data" },
]
sdist = { url = "https://files.pythonhosted.org/packages/3a/7a/5a97e327063409a5caa21541e6d08ae4a0f2da328447e9f2c7b39e179226/langcodes-3.5.0.tar.gz", hash = "sha256:1eef8168d07e51e131a2497ffecad4b663f6208e7c3ae3b8dc15c51734a6f801", size = 191030 }
wheels = [
    { url = "https://files.pythonhosted.org/packages/c3/6b/068c2ea7a712bf805c62445bd9e9c06d7340358ef2824150eceac027444b/langcodes-3.5.0-py3-none-any.whl", hash = "sha256:853c69d1a35e0e13da2f427bb68fb2fa4a8f4fb899e0c62ad8df8d073dcfed33", size = 182974 },
]

[[package]]
name = "language-data"
version = "1.3.0"
source = { registry = "https://pypi.org/simple" }
dependencies = [
    { name = "marisa-trie" },
]
sdist = { url = "https://files.pythonhosted.org/packages/dd/ce/3f144716a9f2cbf42aa86ebc8b085a184be25c80aa453eea17c294d239c1/language_data-1.3.0.tar.gz", hash = "sha256:7600ef8aa39555145d06c89f0c324bf7dab834ea0b0a439d8243762e3ebad7ec", size = 5129310 }
wheels = [
    { url = "https://files.pythonhosted.org/packages/5d/e9/5a5ffd9b286db82be70d677d0a91e4d58f7912bb8dd026ddeeb4abe70679/language_data-1.3.0-py3-none-any.whl", hash = "sha256:e2ee943551b5ae5f89cd0e801d1fc3835bb0ef5b7e9c3a4e8e17b2b214548fbf", size = 5385760 },
]

[[package]]
name = "lxml"
version = "5.3.0"
source = { registry = "https://pypi.org/simple" }
sdist = { url = "https://files.pythonhosted.org/packages/e7/6b/20c3a4b24751377aaa6307eb230b66701024012c29dd374999cc92983269/lxml-5.3.0.tar.gz", hash = "sha256:4e109ca30d1edec1ac60cdbe341905dc3b8f55b16855e03a54aaf59e51ec8c6f", size = 3679318 }
wheels = [
    { url = "https://files.pythonhosted.org/packages/eb/6d/d1f1c5e40c64bf62afd7a3f9b34ce18a586a1cccbf71e783cd0a6d8e8971/lxml-5.3.0-cp312-cp312-macosx_10_9_universal2.whl", hash = "sha256:e99f5507401436fdcc85036a2e7dc2e28d962550afe1cbfc07c40e454256a859", size = 8171753 },
    { url = "https://files.pythonhosted.org/packages/bd/83/26b1864921869784355459f374896dcf8b44d4af3b15d7697e9156cb2de9/lxml-5.3.0-cp312-cp312-macosx_10_9_x86_64.whl", hash = "sha256:384aacddf2e5813a36495233b64cb96b1949da72bef933918ba5c84e06af8f0e", size = 4441955 },
    { url = "https://files.pythonhosted.org/packages/e0/d2/e9bff9fb359226c25cda3538f664f54f2804f4b37b0d7c944639e1a51f69/lxml-5.3.0-cp312-cp312-manylinux_2_12_i686.manylinux2010_i686.manylinux_2_17_i686.manylinux2014_i686.whl", hash = "sha256:874a216bf6afaf97c263b56371434e47e2c652d215788396f60477540298218f", size = 5050778 },
    { url = "https://files.pythonhosted.org/packages/88/69/6972bfafa8cd3ddc8562b126dd607011e218e17be313a8b1b9cc5a0ee876/lxml-5.3.0-cp312-cp312-manylinux_2_17_aarch64.manylinux2014_aarch64.whl", hash = "sha256:65ab5685d56914b9a2a34d67dd5488b83213d680b0c5d10b47f81da5a16b0b0e", size = 4748628 },
    { url = "https://files.pythonhosted.org/packages/5d/ea/a6523c7c7f6dc755a6eed3d2f6d6646617cad4d3d6d8ce4ed71bfd2362c8/lxml-5.3.0-cp312-cp312-manylinux_2_17_ppc64le.manylinux2014_ppc64le.whl", hash = "sha256:aac0bbd3e8dd2d9c45ceb82249e8bdd3ac99131a32b4d35c8af3cc9db1657179", size = 5322215 },
    { url = "https://files.pythonhosted.org/packages/99/37/396fbd24a70f62b31d988e4500f2068c7f3fd399d2fd45257d13eab51a6f/lxml-5.3.0-cp312-cp312-manylinux_2_17_s390x.manylinux2014_s390x.whl", hash = "sha256:b369d3db3c22ed14c75ccd5af429086f166a19627e84a8fdade3f8f31426e52a", size = 4813963 },
    { url = "https://files.pythonhosted.org/packages/09/91/e6136f17459a11ce1757df864b213efbeab7adcb2efa63efb1b846ab6723/lxml-5.3.0-cp312-cp312-manylinux_2_17_x86_64.manylinux2014_x86_64.whl", hash = "sha256:c24037349665434f375645fa9d1f5304800cec574d0310f618490c871fd902b3", size = 4923353 },
    { url = "https://files.pythonhosted.org/packages/1d/7c/2eeecf87c9a1fca4f84f991067c693e67340f2b7127fc3eca8fa29d75ee3/lxml-5.3.0-cp312-cp312-manylinux_2_28_aarch64.whl", hash = "sha256:62d172f358f33a26d6b41b28c170c63886742f5b6772a42b59b4f0fa10526cb1", size = 4740541 },
    { url = "https://files.pythonhosted.org/packages/3b/ed/4c38ba58defca84f5f0d0ac2480fdcd99fc7ae4b28fc417c93640a6949ae/lxml-5.3.0-cp312-cp312-manylinux_2_28_ppc64le.whl", hash = "sha256:c1f794c02903c2824fccce5b20c339a1a14b114e83b306ff11b597c5f71a1c8d", size = 5346504 },
    { url = "https://files.pythonhosted.org/packages/a5/22/bbd3995437e5745cb4c2b5d89088d70ab19d4feabf8a27a24cecb9745464/lxml-5.3.0-cp312-cp312-manylinux_2_28_s390x.whl", hash = "sha256:5d6a6972b93c426ace71e0be9a6f4b2cfae9b1baed2eed2006076a746692288c", size = 4898077 },
    { url = "https://files.pythonhosted.org/packages/0a/6e/94537acfb5b8f18235d13186d247bca478fea5e87d224644e0fe907df976/lxml-5.3.0-cp312-cp312-manylinux_2_28_x86_64.whl", hash = "sha256:3879cc6ce938ff4eb4900d901ed63555c778731a96365e53fadb36437a131a99", size = 4946543 },
    { url = "https://files.pythonhosted.org/packages/8d/e8/4b15df533fe8e8d53363b23a41df9be907330e1fa28c7ca36893fad338ee/lxml-5.3.0-cp312-cp312-musllinux_1_2_aarch64.whl", hash = "sha256:74068c601baff6ff021c70f0935b0c7bc528baa8ea210c202e03757c68c5a4ff", size = 4816841 },
    { url = "https://files.pythonhosted.org/packages/1a/e7/03f390ea37d1acda50bc538feb5b2bda6745b25731e4e76ab48fae7106bf/lxml-5.3.0-cp312-cp312-musllinux_1_2_ppc64le.whl", hash = "sha256:ecd4ad8453ac17bc7ba3868371bffb46f628161ad0eefbd0a855d2c8c32dd81a", size = 5417341 },
    { url = "https://files.pythonhosted.org/packages/ea/99/d1133ab4c250da85a883c3b60249d3d3e7c64f24faff494cf0fd23f91e80/lxml-5.3.0-cp312-cp312-musllinux_1_2_s390x.whl", hash = "sha256:7e2f58095acc211eb9d8b5771bf04df9ff37d6b87618d1cbf85f92399c98dae8", size = 5327539 },
    { url = "https://files.pythonhosted.org/packages/7d/ed/e6276c8d9668028213df01f598f385b05b55a4e1b4662ee12ef05dab35aa/lxml-5.3.0-cp312-cp312-musllinux_1_2_x86_64.whl", hash = "sha256:e63601ad5cd8f860aa99d109889b5ac34de571c7ee902d6812d5d9ddcc77fa7d", size = 5012542 },
    { url = "https://files.pythonhosted.org/packages/36/88/684d4e800f5aa28df2a991a6a622783fb73cf0e46235cfa690f9776f032e/lxml-5.3.0-cp312-cp312-win32.whl", hash = "sha256:17e8d968d04a37c50ad9c456a286b525d78c4a1c15dd53aa46c1d8e06bf6fa30", size = 3486454 },
    { url = "https://files.pythonhosted.org/packages/fc/82/ace5a5676051e60355bd8fb945df7b1ba4f4fb8447f2010fb816bfd57724/lxml-5.3.0-cp312-cp312-win_amd64.whl", hash = "sha256:c1a69e58a6bb2de65902051d57fde951febad631a20a64572677a1052690482f", size = 3816857 },
    { url = "https://files.pythonhosted.org/packages/94/6a/42141e4d373903bfea6f8e94b2f554d05506dfda522ada5343c651410dc8/lxml-5.3.0-cp313-cp313-macosx_10_13_universal2.whl", hash = "sha256:8c72e9563347c7395910de6a3100a4840a75a6f60e05af5e58566868d5eb2d6a", size = 8156284 },
    { url = "https://files.pythonhosted.org/packages/91/5e/fa097f0f7d8b3d113fb7312c6308af702f2667f22644441715be961f2c7e/lxml-5.3.0-cp313-cp313-macosx_10_13_x86_64.whl", hash = "sha256:e92ce66cd919d18d14b3856906a61d3f6b6a8500e0794142338da644260595cd", size = 4432407 },
    { url = "https://files.pythonhosted.org/packages/2d/a1/b901988aa6d4ff937f2e5cfc114e4ec561901ff00660c3e56713642728da/lxml-5.3.0-cp313-cp313-manylinux_2_12_i686.manylinux2010_i686.manylinux_2_17_i686.manylinux2014_i686.whl", hash = "sha256:1d04f064bebdfef9240478f7a779e8c5dc32b8b7b0b2fc6a62e39b928d428e51", size = 5048331 },
    { url = "https://files.pythonhosted.org/packages/30/0f/b2a54f48e52de578b71bbe2a2f8160672a8a5e103df3a78da53907e8c7ed/lxml-5.3.0-cp313-cp313-manylinux_2_17_aarch64.manylinux2014_aarch64.whl", hash = "sha256:5c2fb570d7823c2bbaf8b419ba6e5662137f8166e364a8b2b91051a1fb40ab8b", size = 4744835 },
    { url = "https://files.pythonhosted.org/packages/82/9d/b000c15538b60934589e83826ecbc437a1586488d7c13f8ee5ff1f79a9b8/lxml-5.3.0-cp313-cp313-manylinux_2_17_ppc64le.manylinux2014_ppc64le.whl", hash = "sha256:0c120f43553ec759f8de1fee2f4794452b0946773299d44c36bfe18e83caf002", size = 5316649 },
    { url = "https://files.pythonhosted.org/packages/e3/ee/ffbb9eaff5e541922611d2c56b175c45893d1c0b8b11e5a497708a6a3b3b/lxml-5.3.0-cp313-cp313-manylinux_2_17_s390x.manylinux2014_s390x.whl", hash = "sha256:562e7494778a69086f0312ec9689f6b6ac1c6b65670ed7d0267e49f57ffa08c4", size = 4812046 },
    { url = "https://files.pythonhosted.org/packages/15/ff/7ff89d567485c7b943cdac316087f16b2399a8b997007ed352a1248397e5/lxml-5.3.0-cp313-cp313-manylinux_2_17_x86_64.manylinux2014_x86_64.whl", hash = "sha256:423b121f7e6fa514ba0c7918e56955a1d4470ed35faa03e3d9f0e3baa4c7e492", size = 4918597 },
    { url = "https://files.pythonhosted.org/packages/c6/a3/535b6ed8c048412ff51268bdf4bf1cf052a37aa7e31d2e6518038a883b29/lxml-5.3.0-cp313-cp313-manylinux_2_28_aarch64.whl", hash = "sha256:c00f323cc00576df6165cc9d21a4c21285fa6b9989c5c39830c3903dc4303ef3", size = 4738071 },
    { url = "https://files.pythonhosted.org/packages/7a/8f/cbbfa59cb4d4fd677fe183725a76d8c956495d7a3c7f111ab8f5e13d2e83/lxml-5.3.0-cp313-cp313-manylinux_2_28_ppc64le.whl", hash = "sha256:1fdc9fae8dd4c763e8a31e7630afef517eab9f5d5d31a278df087f307bf601f4", size = 5342213 },
    { url = "https://files.pythonhosted.org/packages/5c/fb/db4c10dd9958d4b52e34d1d1f7c1f434422aeaf6ae2bbaaff2264351d944/lxml-5.3.0-cp313-cp313-manylinux_2_28_s390x.whl", hash = "sha256:658f2aa69d31e09699705949b5fc4719cbecbd4a97f9656a232e7d6c7be1a367", size = 4893749 },
    { url = "https://files.pythonhosted.org/packages/f2/38/bb4581c143957c47740de18a3281a0cab7722390a77cc6e610e8ebf2d736/lxml-5.3.0-cp313-cp313-manylinux_2_28_x86_64.whl", hash = "sha256:1473427aff3d66a3fa2199004c3e601e6c4500ab86696edffdbc84954c72d832", size = 4945901 },
    { url = "https://files.pythonhosted.org/packages/fc/d5/18b7de4960c731e98037bd48fa9f8e6e8f2558e6fbca4303d9b14d21ef3b/lxml-5.3.0-cp313-cp313-musllinux_1_2_aarch64.whl", hash = "sha256:a87de7dd873bf9a792bf1e58b1c3887b9264036629a5bf2d2e6579fe8e73edff", size = 4815447 },
    { url = "https://files.pythonhosted.org/packages/97/a8/cd51ceaad6eb849246559a8ef60ae55065a3df550fc5fcd27014361c1bab/lxml-5.3.0-cp313-cp313-musllinux_1_2_ppc64le.whl", hash = "sha256:0d7b36afa46c97875303a94e8f3ad932bf78bace9e18e603f2085b652422edcd", size = 5411186 },
    { url = "https://files.pythonhosted.org/packages/89/c3/1e3dabab519481ed7b1fdcba21dcfb8832f57000733ef0e71cf6d09a5e03/lxml-5.3.0-cp313-cp313-musllinux_1_2_s390x.whl", hash = "sha256:cf120cce539453ae086eacc0130a324e7026113510efa83ab42ef3fcfccac7fb", size = 5324481 },
    { url = "https://files.pythonhosted.org/packages/b6/17/71e9984cf0570cd202ac0a1c9ed5c1b8889b0fc8dc736f5ef0ffb181c284/lxml-5.3.0-cp313-cp313-musllinux_1_2_x86_64.whl", hash = "sha256:df5c7333167b9674aa8ae1d4008fa4bc17a313cc490b2cca27838bbdcc6bb15b", size = 5011053 },
    { url = "https://files.pythonhosted.org/packages/69/68/9f7e6d3312a91e30829368c2b3217e750adef12a6f8eb10498249f4e8d72/lxml-5.3.0-cp313-cp313-win32.whl", hash = "sha256:c802e1c2ed9f0c06a65bc4ed0189d000ada8049312cfeab6ca635e39c9608957", size = 3485634 },
    { url = "https://files.pythonhosted.org/packages/7d/db/214290d58ad68c587bd5d6af3d34e56830438733d0d0856c0275fde43652/lxml-5.3.0-cp313-cp313-win_amd64.whl", hash = "sha256:406246b96d552e0503e17a1006fd27edac678b3fcc9f1be71a2f94b4ff61528d", size = 3814417 },
]

[[package]]
name = "marisa-trie"
version = "1.2.1"
source = { registry = "https://pypi.org/simple" }
dependencies = [
    { name = "setuptools" },
]
sdist = { url = "https://files.pythonhosted.org/packages/31/15/9d9743897e4450b2de199ee673b50cb018980c4ced477d41cf91304a85e3/marisa_trie-1.2.1.tar.gz", hash = "sha256:3a27c408e2aefc03e0f1d25b2ff2afb85aac3568f6fa2ae2a53b57a2e87ce29d", size = 416124 }
wheels = [
    { url = "https://files.pythonhosted.org/packages/4e/bf/8bd4ac8436b33fd46c9e1ffe3c2a131cd9744cc1649dbbe13308f744ef2b/marisa_trie-1.2.1-cp312-cp312-macosx_10_13_universal2.whl", hash = "sha256:638506eacf20ca503fff72221a7e66a6eadbf28d6a4a6f949fcf5b1701bb05ec", size = 360041 },
    { url = "https://files.pythonhosted.org/packages/ab/dd/4d3151e302e66ae387885f6ec265bd189e096b0c43c1379bfd9a3b9d2543/marisa_trie-1.2.1-cp312-cp312-macosx_10_13_x86_64.whl", hash = "sha256:de1665eaafefa48a308e4753786519888021740501a15461c77bdfd57638e6b4", size = 190520 },
    { url = "https://files.pythonhosted.org/packages/00/28/ae5991c74fb90b173167a366a634c83445f948ad044d37287b478d6b457e/marisa_trie-1.2.1-cp312-cp312-macosx_11_0_arm64.whl", hash = "sha256:f713af9b8aa66a34cd3a78c7d150a560a75734713abe818a69021fd269e927fa", size = 174175 },
    { url = "https://files.pythonhosted.org/packages/5a/6a/fbfa89a8680eaabc6847a6c421e65427c43182db0c4bdb60e1516c81c822/marisa_trie-1.2.1-cp312-cp312-manylinux_2_17_aarch64.manylinux2014_aarch64.whl", hash = "sha256:b2a7d00f53f4945320b551bccb826b3fb26948bde1a10d50bb9802fabb611b10", size = 1354995 },
    { url = "https://files.pythonhosted.org/packages/9e/4c/2ba0b385e5f64ca4ddb0c10ec52ddf881bc4521f135948786fc339d1d6c8/marisa_trie-1.2.1-cp312-cp312-manylinux_2_17_x86_64.manylinux2014_x86_64.whl", hash = "sha256:98042040d1d6085792e8d0f74004fc0f5f9ca6091c298f593dd81a22a4643854", size = 1390989 },
    { url = "https://files.pythonhosted.org/packages/6b/22/0791ed3045c91d0938345a86be472fc7c188b894f16c5dfad2ef31e7f882/marisa_trie-1.2.1-cp312-cp312-manylinux_2_5_i686.manylinux1_i686.manylinux_2_17_i686.manylinux2014_i686.whl", hash = "sha256:6532615111eec2c79e711965ece0bc95adac1ff547a7fff5ffca525463116deb", size = 1328810 },
    { url = "https://files.pythonhosted.org/packages/9d/7d/3f566e563abae6efce7fc311c63282a447c611739b3cd66c0e36077c86f8/marisa_trie-1.2.1-cp312-cp312-musllinux_1_2_aarch64.whl", hash = "sha256:20948e40ab2038e62b7000ca6b4a913bc16c91a2c2e6da501bd1f917eeb28d51", size = 2230222 },
    { url = "https://files.pythonhosted.org/packages/a5/0b/38fbb4611b5d1030242ddc2aa62e524438c8076e26f87395dbbf222dc62d/marisa_trie-1.2.1-cp312-cp312-musllinux_1_2_i686.whl", hash = "sha256:66b23e5b35dd547f85bf98db7c749bc0ffc57916ade2534a6bbc32db9a4abc44", size = 2383620 },
    { url = "https://files.pythonhosted.org/packages/ae/17/4553c63de29904d5d2521a24cad817bc7883cfa90506ab702ec4dae59a7b/marisa_trie-1.2.1-cp312-cp312-musllinux_1_2_x86_64.whl", hash = "sha256:6704adf0247d2dda42e876b793be40775dff46624309ad99bc7537098bee106d", size = 2329202 },
    { url = "https://files.pythonhosted.org/packages/45/08/6307a630e63cd763fe77ac56516faa67fa9cd342060691e40fabc84be6b0/marisa_trie-1.2.1-cp312-cp312-win32.whl", hash = "sha256:3ad356442c2fea4c2a6f514738ddf213d23930f942299a2b2c05df464a00848a", size = 129652 },
    { url = "https://files.pythonhosted.org/packages/a1/fe/67c357bfd92710d95a16b86e1453c663d565415d7f7838781c79ff7e1a7e/marisa_trie-1.2.1-cp312-cp312-win_amd64.whl", hash = "sha256:f2806f75817392cedcacb24ac5d80b0350dde8d3861d67d045c1d9b109764114", size = 150845 },
    { url = "https://files.pythonhosted.org/packages/2a/a4/a110cd9952f0e72da7bafea1f0084b18b9e03952110d9083bfda52279f5c/marisa_trie-1.2.1-cp313-cp313-macosx_10_13_universal2.whl", hash = "sha256:b5ea16e69bfda0ac028c921b58de1a4aaf83d43934892977368579cd3c0a2554", size = 354439 },
    { url = "https://files.pythonhosted.org/packages/3c/a5/a6099eb1c3fd8d7e93408c45501e1d08536ac57dfef02ec331f78e1ace18/marisa_trie-1.2.1-cp313-cp313-macosx_10_13_x86_64.whl", hash = "sha256:9f627f4e41be710b6cb6ed54b0128b229ac9d50e2054d9cde3af0fef277c23cf", size = 188187 },
    { url = "https://files.pythonhosted.org/packages/7c/cc/f637127e2beffa920d21f7fc45b4029575bcd1b28a90c0d90cb2b08c2205/marisa_trie-1.2.1-cp313-cp313-macosx_11_0_arm64.whl", hash = "sha256:5e649f3dc8ab5476732094f2828cc90cac3be7c79bc0c8318b6fda0c1d248db4", size = 171484 },
    { url = "https://files.pythonhosted.org/packages/6d/0f/29f2ad7260b956570f69f25a542efa51ba76eb76ecd53c63ee9d21987c3d/marisa_trie-1.2.1-cp313-cp313-manylinux_2_17_aarch64.manylinux2014_aarch64.whl", hash = "sha256:46e528ee71808c961baf8c3ce1c46a8337ec7a96cc55389d11baafe5b632f8e9", size = 1319770 },
    { url = "https://files.pythonhosted.org/packages/f2/12/0b69ed61fba59551a5f3d569af367afae614db7214ce1da12946ba9a433a/marisa_trie-1.2.1-cp313-cp313-manylinux_2_17_x86_64.manylinux2014_x86_64.whl", hash = "sha256:36aa4401a1180615f74d575571a6550081d84fc6461e9aefc0bb7b2427af098e", size = 1356488 },
    { url = "https://files.pythonhosted.org/packages/33/23/483b110db7ffe8729d6ebea2bf74258aef51f10fef5775f99e4bac7aef69/marisa_trie-1.2.1-cp313-cp313-manylinux_2_5_i686.manylinux1_i686.manylinux_2_17_i686.manylinux2014_i686.whl", hash = "sha256:ce59bcd2cda9bb52b0e90cc7f36413cd86c3d0ce7224143447424aafb9f4aa48", size = 1302334 },
    { url = "https://files.pythonhosted.org/packages/1c/6f/46c2be99ce925985127fdf78900f1673bce8cb72debfebee6dccd11032c6/marisa_trie-1.2.1-cp313-cp313-musllinux_1_2_aarch64.whl", hash = "sha256:f4cd800704a5fc57e53c39c3a6b0c9b1519ebdbcb644ede3ee67a06eb542697d", size = 2202624 },
    { url = "https://files.pythonhosted.org/packages/fd/b6/ef642327dbd4ec35be55d5682520b8f70fca98a54024f441ef2732f6b305/marisa_trie-1.2.1-cp313-cp313-musllinux_1_2_i686.whl", hash = "sha256:2428b495003c189695fb91ceeb499f9fcced3a2dce853e17fa475519433c67ff", size = 2364206 },
    { url = "https://files.pythonhosted.org/packages/69/04/ef8197a79d0ab5043b781cc9b457bd11b81d4204fe78adf7625a67f48c21/marisa_trie-1.2.1-cp313-cp313-musllinux_1_2_x86_64.whl", hash = "sha256:735c363d9aaac82eaf516a28f7c6b95084c2e176d8231c87328dc80e112a9afa", size = 2304801 },
    { url = "https://files.pythonhosted.org/packages/03/72/f87564d653daf31d8f33d9bf0121e99ccc21f18f5c485fb404ba06abc10e/marisa_trie-1.2.1-cp313-cp313-win32.whl", hash = "sha256:eba6ca45500ca1a042466a0684aacc9838e7f20fe2605521ee19f2853062798f", size = 128799 },
    { url = "https://files.pythonhosted.org/packages/27/40/5f9eb8b73030cc4b0d6817176e66079a62a2ddd9d5530da54f8011473428/marisa_trie-1.2.1-cp313-cp313-win_amd64.whl", hash = "sha256:aa7cd17e1c690ce96c538b2f4aae003d9a498e65067dd433c52dd069009951d4", size = 149035 },
]

[[package]]
name = "pinyin"
version = "0.4.0"
source = { registry = "https://pypi.org/simple" }
sdist = { url = "https://files.pythonhosted.org/packages/32/95/d2969f1071b7bc0afff407d1d7b4b3f445e8e6b59df7921c9c09e35ee375/pinyin-0.4.0.tar.gz", hash = "sha256:8842ae53cb7a81c8c3ec03d1cd7dba9aedb20d8d6962aebc620fad74da0868f5", size = 3632130 }

[[package]]
name = "pinyin-jyutping-sentence"
version = "1.3"
source = { registry = "https://pypi.org/simple" }
dependencies = [
    { name = "jieba" },
]
sdist = { url = "https://files.pythonhosted.org/packages/a1/f5/9eb9524a3ca30569116bba634371f1fb9016349fca977a0b03ab511d0147/pinyin_jyutping_sentence-1.3.tar.gz", hash = "sha256:93d9d0486d5fd533f12f500cdb8945cacee989dfb7f9d3d2bfa4030f05da9b00", size = 12427987 }

[[package]]
name = "pyglossary"
version = "4.7.1"
source = { registry = "https://pypi.org/simple" }
sdist = { url = "https://files.pythonhosted.org/packages/e4/90/38fd046286bc441d20e809e6f6d4f2c7c81de889768e521be9359995a204/pyglossary-4.7.1.tar.gz", hash = "sha256:4523aaec9a99b963bbcfb9849e349973b2827337fb2ed52427f7ae3342238956", size = 394425 }
wheels = [
    { url = "https://files.pythonhosted.org/packages/96/f4/d9258202d4fc4a0e7c324ac434824d1e52d3f96be85c7ca621607a689930/pyglossary-4.7.1-py3-none-any.whl", hash = "sha256:58dab88a5cb3b51b4c956154d87b92361407d496ff62a1f04b1a64d10544ea7a", size = 515044 },
]

[[package]]
name = "pypinyin"
version = "0.53.0"
source = { registry = "https://pypi.org/simple" }
sdist = { url = "https://files.pythonhosted.org/packages/b8/2d/58c9e7d0825d834fc5ac62a340640953d39a80e78cba70eb73d3bad5b4be/pypinyin-0.53.0.tar.gz", hash = "sha256:a2d39ddc2bd31b55897bbb10d2e11a0c4d399988a97c00ad489c151afd9b106d", size = 824458 }
wheels = [
    { url = "https://files.pythonhosted.org/packages/b1/af/a1f9ee31b860ea55985a743b53fc06e61fe156bc1a9d64d94a81afa80470/pypinyin-0.53.0-py2.py3-none-any.whl", hash = "sha256:a906768919da3c31771f2c5e0e5a759214dc38d0087e15e6ff67649e03df8097", size = 834720 },
]

[[package]]
name = "pypinyin-dict"
version = "0.8.0"
source = { registry = "https://pypi.org/simple" }
dependencies = [
    { name = "pypinyin" },
]
sdist = { url = "https://files.pythonhosted.org/packages/8f/1d/1825aa9bf96796ea3adf3e5bc61253d77d69f978e7bba1da1842be6cd0f6/pypinyin-dict-0.8.0.tar.gz", hash = "sha256:d3799bfdc551b7c7c04d36022c8b4ac00fa5ecb92a2acf5906363317c303c5a3", size = 9261782 }
wheels = [
    { url = "https://files.pythonhosted.org/packages/8a/3a/968e7ce00a570074d4cefaa33531355137c5acc707815cf73de2eb7e9b67/pypinyin_dict-0.8.0-py2.py3-none-any.whl", hash = "sha256:2c9210412e14167487a728843fe02e4c1920796ec0df5c8113be9e0363c8afa1", size = 9505111 },
]

[[package]]
name = "ruff"
version = "0.8.2"
source = { registry = "https://pypi.org/simple" }
sdist = { url = "https://files.pythonhosted.org/packages/5e/2b/01245f4f3a727d60bebeacd7ee6d22586c7f62380a2597ddb22c2f45d018/ruff-0.8.2.tar.gz", hash = "sha256:b84f4f414dda8ac7f75075c1fa0b905ac0ff25361f42e6d5da681a465e0f78e5", size = 3349020 }
wheels = [
    { url = "https://files.pythonhosted.org/packages/91/29/366be70216dba1731a00a41f2f030822b0c96c7c4f3b2c0cdce15cbace74/ruff-0.8.2-py3-none-linux_armv6l.whl", hash = "sha256:c49ab4da37e7c457105aadfd2725e24305ff9bc908487a9bf8d548c6dad8bb3d", size = 10530649 },
    { url = "https://files.pythonhosted.org/packages/63/82/a733956540bb388f00df5a3e6a02467b16c0e529132625fe44ce4c5fb9c7/ruff-0.8.2-py3-none-macosx_10_12_x86_64.whl", hash = "sha256:ec016beb69ac16be416c435828be702ee694c0d722505f9c1f35e1b9c0cc1bf5", size = 10274069 },
    { url = "https://files.pythonhosted.org/packages/3d/12/0b3aa14d1d71546c988a28e1b412981c1b80c8a1072e977a2f30c595cc4a/ruff-0.8.2-py3-none-macosx_11_0_arm64.whl", hash = "sha256:f05cdf8d050b30e2ba55c9b09330b51f9f97d36d4673213679b965d25a785f3c", size = 9909400 },
    { url = "https://files.pythonhosted.org/packages/23/08/f9f08cefb7921784c891c4151cce6ed357ff49e84b84978440cffbc87408/ruff-0.8.2-py3-none-manylinux_2_17_aarch64.manylinux2014_aarch64.whl", hash = "sha256:60f578c11feb1d3d257b2fb043ddb47501ab4816e7e221fbb0077f0d5d4e7b6f", size = 10766782 },
    { url = "https://files.pythonhosted.org/packages/e4/71/bf50c321ec179aa420c8ec40adac5ae9cc408d4d37283a485b19a2331ceb/ruff-0.8.2-py3-none-manylinux_2_17_armv7l.manylinux2014_armv7l.whl", hash = "sha256:cbd5cf9b0ae8f30eebc7b360171bd50f59ab29d39f06a670b3e4501a36ba5897", size = 10286316 },
    { url = "https://files.pythonhosted.org/packages/f2/83/c82688a2a6117539aea0ce63fdf6c08e60fe0202779361223bcd7f40bd74/ruff-0.8.2-py3-none-manylinux_2_17_i686.manylinux2014_i686.whl", hash = "sha256:b402ddee3d777683de60ff76da801fa7e5e8a71038f57ee53e903afbcefdaa58", size = 11338270 },
    { url = "https://files.pythonhosted.org/packages/7f/d7/bc6a45e5a22e627640388e703160afb1d77c572b1d0fda8b4349f334fc66/ruff-0.8.2-py3-none-manylinux_2_17_ppc64.manylinux2014_ppc64.whl", hash = "sha256:705832cd7d85605cb7858d8a13d75993c8f3ef1397b0831289109e953d833d29", size = 12058579 },
    { url = "https://files.pythonhosted.org/packages/da/3b/64150c93946ec851e6f1707ff586bb460ca671581380c919698d6a9267dc/ruff-0.8.2-py3-none-manylinux_2_17_ppc64le.manylinux2014_ppc64le.whl", hash = "sha256:32096b41aaf7a5cc095fa45b4167b890e4c8d3fd217603f3634c92a541de7248", size = 11615172 },
    { url = "https://files.pythonhosted.org/packages/e4/9e/cf12b697ea83cfe92ec4509ae414dc4c9b38179cc681a497031f0d0d9a8e/ruff-0.8.2-py3-none-manylinux_2_17_s390x.manylinux2014_s390x.whl", hash = "sha256:e769083da9439508833cfc7c23e351e1809e67f47c50248250ce1ac52c21fb93", size = 12882398 },
    { url = "https://files.pythonhosted.org/packages/a9/27/96d10863accf76a9c97baceac30b0a52d917eb985a8ac058bd4636aeede0/ruff-0.8.2-py3-none-manylinux_2_17_x86_64.manylinux2014_x86_64.whl", hash = "sha256:5fe716592ae8a376c2673fdfc1f5c0c193a6d0411f90a496863c99cd9e2ae25d", size = 11176094 },
    { url = "https://files.pythonhosted.org/packages/eb/10/cd2fd77d4a4e7f03c29351be0f53278a393186b540b99df68beb5304fddd/ruff-0.8.2-py3-none-musllinux_1_2_aarch64.whl", hash = "sha256:81c148825277e737493242b44c5388a300584d73d5774defa9245aaef55448b0", size = 10771884 },
    { url = "https://files.pythonhosted.org/packages/71/5d/beabb2ff18870fc4add05fa3a69a4cb1b1d2d6f83f3cf3ae5ab0d52f455d/ruff-0.8.2-py3-none-musllinux_1_2_armv7l.whl", hash = "sha256:d261d7850c8367704874847d95febc698a950bf061c9475d4a8b7689adc4f7fa", size = 10382535 },
    { url = "https://files.pythonhosted.org/packages/ae/29/6b3fdf3ad3e35b28d87c25a9ff4c8222ad72485ab783936b2b267250d7a7/ruff-0.8.2-py3-none-musllinux_1_2_i686.whl", hash = "sha256:1ca4e3a87496dc07d2427b7dd7ffa88a1e597c28dad65ae6433ecb9f2e4f022f", size = 10886995 },
    { url = "https://files.pythonhosted.org/packages/e9/dc/859d889b4d9356a1a2cdbc1e4a0dda94052bc5b5300098647e51a58c430b/ruff-0.8.2-py3-none-musllinux_1_2_x86_64.whl", hash = "sha256:729850feed82ef2440aa27946ab39c18cb4a8889c1128a6d589ffa028ddcfc22", size = 11220750 },
    { url = "https://files.pythonhosted.org/packages/0b/08/e8f519f61f1d624264bfd6b8829e4c5f31c3c61193bc3cff1f19dbe7626a/ruff-0.8.2-py3-none-win32.whl", hash = "sha256:ac42caaa0411d6a7d9594363294416e0e48fc1279e1b0e948391695db2b3d5b1", size = 8729396 },
    { url = "https://files.pythonhosted.org/packages/f8/d4/ba1c7ab72aba37a2b71fe48ab95b80546dbad7a7f35ea28cf66fc5cea5f6/ruff-0.8.2-py3-none-win_amd64.whl", hash = "sha256:2aae99ec70abf43372612a838d97bfe77d45146254568d94926e8ed5bbb409ea", size = 9594729 },
    { url = "https://files.pythonhosted.org/packages/23/34/db20e12d3db11b8a2a8874258f0f6d96a9a4d631659d54575840557164c8/ruff-0.8.2-py3-none-win_arm64.whl", hash = "sha256:fb88e2a506b70cfbc2de6fae6681c4f944f7dd5f2fe87233a7233d888bad73e8", size = 9035131 },
]

[[package]]
name = "setuptools"
version = "75.6.0"
source = { registry = "https://pypi.org/simple" }
sdist = { url = "https://files.pythonhosted.org/packages/43/54/292f26c208734e9a7f067aea4a7e282c080750c4546559b58e2e45413ca0/setuptools-75.6.0.tar.gz", hash = "sha256:8199222558df7c86216af4f84c30e9b34a61d8ba19366cc914424cdbd28252f6", size = 1337429 }
wheels = [
    { url = "https://files.pythonhosted.org/packages/55/21/47d163f615df1d30c094f6c8bbb353619274edccf0327b185cc2493c2c33/setuptools-75.6.0-py3-none-any.whl", hash = "sha256:ce74b49e8f7110f9bf04883b730f4765b774ef3ef28f722cce7c273d253aaf7d", size = 1224032 },
]

[[package]]
name = "soupsieve"
version = "2.6"
source = { registry = "https://pypi.org/simple" }
sdist = { url = "https://files.pythonhosted.org/packages/d7/ce/fbaeed4f9fb8b2daa961f90591662df6a86c1abf25c548329a86920aedfb/soupsieve-2.6.tar.gz", hash = "sha256:e2e68417777af359ec65daac1057404a3c8a5455bb8abc36f1a9866ab1a51abb", size = 101569 }
wheels = [
    { url = "https://files.pythonhosted.org/packages/d1/c2/fe97d779f3ef3b15f05c94a2f1e3d21732574ed441687474db9d342a7315/soupsieve-2.6-py3-none-any.whl", hash = "sha256:e72c4ff06e4fb6e4b5a9f0f55fe6e81514581fca1515028625d0f299c602ccc9", size = 36186 },
]

[[package]]
name = "tudien"
version = "0.1.0"
source = { virtual = "." }
dependencies = [
    { name = "beautifulsoup4" },
    { name = "dragonmapper" },
    { name = "iso-language-codes" },
    { name = "langcodes" },
    { name = "lxml" },
    { name = "marisa-trie" },
    { name = "pinyin" },
    { name = "pinyin-jyutping-sentence" },
    { name = "pyglossary" },
    { name = "pypinyin" },
    { name = "pypinyin-dict" },
    { name = "ruff" },
]

[package.metadata]
requires-dist = [
    { name = "beautifulsoup4", specifier = ">=4.11.1" },
    { name = "dragonmapper", specifier = ">=0.3.0" },
    { name = "iso-language-codes", specifier = ">=1.1.0" },
    { name = "langcodes", specifier = ">=3.5.0" },
    { name = "lxml", specifier = ">=4.9.1" },
    { name = "marisa-trie", specifier = ">=0.7.7" },
    { name = "pinyin", specifier = ">=0.4.0" },
    { name = "pinyin-jyutping-sentence", specifier = ">=1.3" },
    { name = "pyglossary", specifier = ">=4.6.1" },
    { name = "pypinyin", specifier = ">=0.53.0" },
    { name = "pypinyin-dict", specifier = ">=0.8.0" },
    { name = "ruff", specifier = ">=0.8.2" },
]

[[package]]
name = "zhon"
version = "2.1.1"
source = { registry = "https://pypi.org/simple" }
sdist = { url = "https://files.pythonhosted.org/packages/2a/8d/e6c8ee4df75940ddecb6f5e7b2753a9a3914e6cd357e7238987661723d81/zhon-2.1.1.tar.gz", hash = "sha256:c8da424fad4aa698ddd3e1735515b49ff522c84dd1091e8fafd986ac7c6898f0", size = 84448 }
wheels = [
    { url = "https://files.pythonhosted.org/packages/be/13/b8d6ca3a41bf5959bc3915678837385bf668162a7295140d81ccae0b96b7/zhon-2.1.1-py3-none-any.whl", hash = "sha256:9ec0d42229ae60708a045270f755ccefb48f2689f2a6ce0bc6597abf6c4a9871", size = 83933 },
]
